
Microsoft Visual Studio Solution File, Format Version 12.00
# Visual Studio Version 17
VisualStudioVersion = 17.0.31903.59
MinimumVisualStudioVersion = 10.0.40219.1
Project("{2150E333-8FDC-42A3-9474-1A3956D46DE8}") = "UI", "UI", "{DBEBC916-69FB-40AC-94F3-F9D910E267E7}"
EndProject
Project("{2150E333-8FDC-42A3-9474-1A3956D46DE8}") = "SultanMebel.Console", "SultanMebel.Console", "{5DCF31F7-92B1-4899-A5A7-997743524471}"
EndProject
Project("{2150E333-8FDC-42A3-9474-1A3956D46DE8}") = "SultanMebel.WPF", "SultanMebel.WPF", "{3576EB3E-E684-4E25-9001-8F65056AAE04}"
EndProject
Project("{2150E333-8FDC-42A3-9474-1A3956D46DE8}") = "Common", "Common", "{51006365-E007-498A-8504-345396D07FCF}"
EndProject
Project("{2150E333-8FDC-42A3-9474-1A3956D46DE8}") = "SultanMebel.Domain", "SultanMebel.Domain", "{986D4A87-8DED-4856-B037-42D2570AF707}"
EndProject
Project("{2150E333-8FDC-42A3-9474-1A3956D46DE8}") = "SultanMebel.Domain.Base", "SultanMebel.Domain.Base", "{7B676E83-20A0-4C1E-BE96-B5132C9D6427}"
EndProject
Project("{2150E333-8FDC-42A3-9474-1A3956D46DE8}") = "Data", "Data", "{151C955E-4738-4A24-BB1A-5BA16F94F3E2}"
EndProject
Project("{2150E333-8FDC-42A3-9474-1A3956D46DE8}") = "SultanMebel.DAL", "SultanMebel.DAL", "{1E7F6E43-D5AC-4FC2-903A-4762FCB39BF3}"
EndProject
Project("{2150E333-8FDC-42A3-9474-1A3956D46DE8}") = "SultanMebel.DAL.SqlServer", "SultanMebel.DAL.SqlServer", "{0289C265-3C58-4802-80B0-67236D2E9676}"
EndProject
Project("{2150E333-8FDC-42A3-9474-1A3956D46DE8}") = "Services", "Services", "{D64B8E6C-D975-45F3-9B5F-D1B388A7EC6A}"
EndProject
Project("{2150E333-8FDC-42A3-9474-1A3956D46DE8}") = "SultanMebel.API", "SultanMebel.API", "{870F373D-4A64-412E-8F3B-CFEDFA5AAACC}"
EndProject
Project("{2150E333-8FDC-42A3-9474-1A3956D46DE8}") = "SultanMebel.API.Clients", "SultanMebel.API.Clients", "{27A52464-67B9-4097-A10F-8E194F332AEC}"
EndProject
Project("{2150E333-8FDC-42A3-9474-1A3956D46DE8}") = "SultanMebel..WebAPI.Clients", "SultanMebel..WebAPI.Clients", "{01B4342E-DD18-4C38-8689-0C711E00CE81}"
EndProject
Project("{2150E333-8FDC-42A3-9474-1A3956D46DE8}") = "SultanMebel.Interfaces", "SultanMebel.Interfaces", "{EED7A77B-D78C-494A-B943-E70CE45F5AAE}"
EndProject
Project("{2150E333-8FDC-42A3-9474-1A3956D46DE8}") = "SultanMebel.Interfaces.Base", "SultanMebel.Interfaces.Base", "{B6B111CB-974C-4A9C-A519-3FAEBCEFFBE1}"
EndProject
Project("{9A19103F-16F7-4668-BE54-9A1E7A4F7556}") = "SultanMebel.Console", "UI\SultanMebel.Console\SultanMebel.Console.csproj", "{CABECD21-0549-4721-AA30-7C51D208F2FF}"
EndProject
Project("{9A19103F-16F7-4668-BE54-9A1E7A4F7556}") = "SultanMebel.Domain", "Common\SultanMebel.Domain\SultanMebel.Domain.csproj", "{E2499699-ACA5-4070-816D-ACB1BD638166}"
EndProject
Project("{9A19103F-16F7-4668-BE54-9A1E7A4F7556}") = "SultanMebel.Domain.Base", "Common\SultanMebel.Domain.Base\SultanMebel.Domain.Base.csproj", "{BF0906CB-2F41-4E47-BD26-FB3A6CF2DCC7}"
EndProject
Project("{9A19103F-16F7-4668-BE54-9A1E7A4F7556}") = "SultanMebel.DAL", "Data\SultanMebel.DAL\SultanMebel.DAL.csproj", "{A1FFF42C-4023-494C-987C-BC7FD8FE58CC}"
EndProject
Project("{9A19103F-16F7-4668-BE54-9A1E7A4F7556}") = "SultanMebel.DAL.SqlServer", "Data\SultanMebel.DAL.SqlServer\SultanMebel.DAL.SqlServer.csproj", "{5CBA003A-A69C-4F5E-A397-17953C5B3BEB}"
EndProject
Project("{9A19103F-16F7-4668-BE54-9A1E7A4F7556}") = "SultanMebel.WebAPI.Clients", "Services\SultanMebel.WebAPI.Clients\SultanMebel.WebAPI.Clients.csproj", "{9E0F8D53-57C4-4108-8268-532F10D20BE4}"
EndProject
Project("{9A19103F-16F7-4668-BE54-9A1E7A4F7556}") = "SultanMebel.API.Clients", "Services\SultanMebel.API.Clients\SultanMebel.API.Clients.csproj", "{131E5D49-ACE7-4780-8D33-31F2BD488582}"
EndProject
Project("{9A19103F-16F7-4668-BE54-9A1E7A4F7556}") = "SultanMebel.Interfaces", "Services\SultanMebel.Interfaces\SultanMebel.Interfaces.csproj", "{82A5F49D-BB27-44E4-8DFB-53D3A0CD0F78}"
EndProject
Project("{9A19103F-16F7-4668-BE54-9A1E7A4F7556}") = "SultanMebel.Interfaces.Base", "Services\SultanMebel.Interfaces.Base\SultanMebel.Interfaces.Base.csproj", "{33BB714D-45C7-4198-9123-528397374629}"
EndProject
Project("{9A19103F-16F7-4668-BE54-9A1E7A4F7556}") = "SultanMebel.WPF", "UI\SultanMebel.WPF\SultanMebel.WPF.csproj", "{D5D423FA-9E3C-41E2-9DFD-7FED4DE8CC63}"
EndProject
Project("{9A19103F-16F7-4668-BE54-9A1E7A4F7556}") = "SultanMebel.API", "Services\SultanMebel.API\SultanMebel.API.csproj", "{24577762-67E8-4CBA-8BCC-C31469BFCFC9}"
EndProject
Global
	GlobalSection(SolutionConfigurationPlatforms) = preSolution
		Debug|Any CPU = Debug|Any CPU
		Release|Any CPU = Release|Any CPU
	EndGlobalSection
	GlobalSection(ProjectConfigurationPlatforms) = postSolution
		{CABECD21-0549-4721-AA30-7C51D208F2FF}.Debug|Any CPU.ActiveCfg = Debug|Any CPU
		{CABECD21-0549-4721-AA30-7C51D208F2FF}.Debug|Any CPU.Build.0 = Debug|Any CPU
		{CABECD21-0549-4721-AA30-7C51D208F2FF}.Release|Any CPU.ActiveCfg = Release|Any CPU
		{CABECD21-0549-4721-AA30-7C51D208F2FF}.Release|Any CPU.Build.0 = Release|Any CPU
		{E2499699-ACA5-4070-816D-ACB1BD638166}.Debug|Any CPU.ActiveCfg = Debug|Any CPU
		{E2499699-ACA5-4070-816D-ACB1BD638166}.Debug|Any CPU.Build.0 = Debug|Any CPU
		{E2499699-ACA5-4070-816D-ACB1BD638166}.Release|Any CPU.ActiveCfg = Release|Any CPU
		{E2499699-ACA5-4070-816D-ACB1BD638166}.Release|Any CPU.Build.0 = Release|Any CPU
		{BF0906CB-2F41-4E47-BD26-FB3A6CF2DCC7}.Debug|Any CPU.ActiveCfg = Debug|Any CPU
		{BF0906CB-2F41-4E47-BD26-FB3A6CF2DCC7}.Debug|Any CPU.Build.0 = Debug|Any CPU
		{BF0906CB-2F41-4E47-BD26-FB3A6CF2DCC7}.Release|Any CPU.ActiveCfg = Release|Any CPU
		{BF0906CB-2F41-4E47-BD26-FB3A6CF2DCC7}.Release|Any CPU.Build.0 = Release|Any CPU
		{A1FFF42C-4023-494C-987C-BC7FD8FE58CC}.Debug|Any CPU.ActiveCfg = Debug|Any CPU
		{A1FFF42C-4023-494C-987C-BC7FD8FE58CC}.Debug|Any CPU.Build.0 = Debug|Any CPU
		{A1FFF42C-4023-494C-987C-BC7FD8FE58CC}.Release|Any CPU.ActiveCfg = Release|Any CPU
		{A1FFF42C-4023-494C-987C-BC7FD8FE58CC}.Release|Any CPU.Build.0 = Release|Any CPU
		{5CBA003A-A69C-4F5E-A397-17953C5B3BEB}.Debug|Any CPU.ActiveCfg = Debug|Any CPU
		{5CBA003A-A69C-4F5E-A397-17953C5B3BEB}.Debug|Any CPU.Build.0 = Debug|Any CPU
		{5CBA003A-A69C-4F5E-A397-17953C5B3BEB}.Release|Any CPU.ActiveCfg = Release|Any CPU
		{5CBA003A-A69C-4F5E-A397-17953C5B3BEB}.Release|Any CPU.Build.0 = Release|Any CPU
		{9E0F8D53-57C4-4108-8268-532F10D20BE4}.Debug|Any CPU.ActiveCfg = Debug|Any CPU
		{9E0F8D53-57C4-4108-8268-532F10D20BE4}.Debug|Any CPU.Build.0 = Debug|Any CPU
		{9E0F8D53-57C4-4108-8268-532F10D20BE4}.Release|Any CPU.ActiveCfg = Release|Any CPU
		{9E0F8D53-57C4-4108-8268-532F10D20BE4}.Release|Any CPU.Build.0 = Release|Any CPU
		{131E5D49-ACE7-4780-8D33-31F2BD488582}.Debug|Any CPU.ActiveCfg = Debug|Any CPU
		{131E5D49-ACE7-4780-8D33-31F2BD488582}.Debug|Any CPU.Build.0 = Debug|Any CPU
		{131E5D49-ACE7-4780-8D33-31F2BD488582}.Release|Any CPU.ActiveCfg = Release|Any CPU
		{131E5D49-ACE7-4780-8D33-31F2BD488582}.Release|Any CPU.Build.0 = Release|Any CPU
		{82A5F49D-BB27-44E4-8DFB-53D3A0CD0F78}.Debug|Any CPU.ActiveCfg = Debug|Any CPU
		{82A5F49D-BB27-44E4-8DFB-53D3A0CD0F78}.Debug|Any CPU.Build.0 = Debug|Any CPU
		{82A5F49D-BB27-44E4-8DFB-53D3A0CD0F78}.Release|Any CPU.ActiveCfg = Release|Any CPU
		{82A5F49D-BB27-44E4-8DFB-53D3A0CD0F78}.Release|Any CPU.Build.0 = Release|Any CPU
		{33BB714D-45C7-4198-9123-528397374629}.Debug|Any CPU.ActiveCfg = Debug|Any CPU
		{33BB714D-45C7-4198-9123-528397374629}.Debug|Any CPU.Build.0 = Debug|Any CPU
		{33BB714D-45C7-4198-9123-528397374629}.Release|Any CPU.ActiveCfg = Release|Any CPU
		{33BB714D-45C7-4198-9123-528397374629}.Release|Any CPU.Build.0 = Release|Any CPU
		{D5D423FA-9E3C-41E2-9DFD-7FED4DE8CC63}.Debug|Any CPU.ActiveCfg = Debug|Any CPU
		{D5D423FA-9E3C-41E2-9DFD-7FED4DE8CC63}.Debug|Any CPU.Build.0 = Debug|Any CPU
		{D5D423FA-9E3C-41E2-9DFD-7FED4DE8CC63}.Release|Any CPU.ActiveCfg = Release|Any CPU
		{D5D423FA-9E3C-41E2-9DFD-7FED4DE8CC63}.Release|Any CPU.Build.0 = Release|Any CPU
		{24577762-67E8-4CBA-8BCC-C31469BFCFC9}.Debug|Any CPU.ActiveCfg = Debug|Any CPU
		{24577762-67E8-4CBA-8BCC-C31469BFCFC9}.Debug|Any CPU.Build.0 = Debug|Any CPU
		{24577762-67E8-4CBA-8BCC-C31469BFCFC9}.Release|Any CPU.ActiveCfg = Release|Any CPU
		{24577762-67E8-4CBA-8BCC-C31469BFCFC9}.Release|Any CPU.Build.0 = Release|Any CPU
	EndGlobalSection
	GlobalSection(SolutionProperties) = preSolution
		HideSolutionNode = FALSE
	EndGlobalSection
	GlobalSection(NestedProjects) = preSolution
		{5DCF31F7-92B1-4899-A5A7-997743524471} = {DBEBC916-69FB-40AC-94F3-F9D910E267E7}
		{3576EB3E-E684-4E25-9001-8F65056AAE04} = {DBEBC916-69FB-40AC-94F3-F9D910E267E7}
		{986D4A87-8DED-4856-B037-42D2570AF707} = {51006365-E007-498A-8504-345396D07FCF}
		{7B676E83-20A0-4C1E-BE96-B5132C9D6427} = {51006365-E007-498A-8504-345396D07FCF}
		{1E7F6E43-D5AC-4FC2-903A-4762FCB39BF3} = {151C955E-4738-4A24-BB1A-5BA16F94F3E2}
		{0289C265-3C58-4802-80B0-67236D2E9676} = {151C955E-4738-4A24-BB1A-5BA16F94F3E2}
		{870F373D-4A64-412E-8F3B-CFEDFA5AAACC} = {D64B8E6C-D975-45F3-9B5F-D1B388A7EC6A}
		{27A52464-67B9-4097-A10F-8E194F332AEC} = {D64B8E6C-D975-45F3-9B5F-D1B388A7EC6A}
		{01B4342E-DD18-4C38-8689-0C711E00CE81} = {D64B8E6C-D975-45F3-9B5F-D1B388A7EC6A}
		{EED7A77B-D78C-494A-B943-E70CE45F5AAE} = {D64B8E6C-D975-45F3-9B5F-D1B388A7EC6A}
		{B6B111CB-974C-4A9C-A519-3FAEBCEFFBE1} = {D64B8E6C-D975-45F3-9B5F-D1B388A7EC6A}
		{CABECD21-0549-4721-AA30-7C51D208F2FF} = {5DCF31F7-92B1-4899-A5A7-997743524471}
		{E2499699-ACA5-4070-816D-ACB1BD638166} = {986D4A87-8DED-4856-B037-42D2570AF707}
		{BF0906CB-2F41-4E47-BD26-FB3A6CF2DCC7} = {7B676E83-20A0-4C1E-BE96-B5132C9D6427}
		{A1FFF42C-4023-494C-987C-BC7FD8FE58CC} = {1E7F6E43-D5AC-4FC2-903A-4762FCB39BF3}
		{5CBA003A-A69C-4F5E-A397-17953C5B3BEB} = {0289C265-3C58-4802-80B0-67236D2E9676}
		{9E0F8D53-57C4-4108-8268-532F10D20BE4} = {01B4342E-DD18-4C38-8689-0C711E00CE81}
		{131E5D49-ACE7-4780-8D33-31F2BD488582} = {27A52464-67B9-4097-A10F-8E194F332AEC}
		{82A5F49D-BB27-44E4-8DFB-53D3A0CD0F78} = {EED7A77B-D78C-494A-B943-E70CE45F5AAE}
		{33BB714D-45C7-4198-9123-528397374629} = {B6B111CB-974C-4A9C-A519-3FAEBCEFFBE1}
		{D5D423FA-9E3C-41E2-9DFD-7FED4DE8CC63} = {3576EB3E-E684-4E25-9001-8F65056AAE04}
		{24577762-67E8-4CBA-8BCC-C31469BFCFC9} = {870F373D-4A64-412E-8F3B-CFEDFA5AAACC}
	EndGlobalSection
	GlobalSection(ExtensibilityGlobals) = postSolution
		SolutionGuid = {B0A55C60-9161-49D3-A764-D49A0DDFC220}
	EndGlobalSection
EndGlobal
